<?xml version="1.0" encoding="utf-8"?>
<Project ToolsVersion="Current" xmlns="http://schemas.microsoft.com/developer/msbuild/2003">
  <ItemGroup>
    <CudaCompile Include="kernel.cu" />
    <CudaCompile Include="Pooling.cu">
      <Filter>Layer</Filter>
    </CudaCompile>
    <CudaCompile Include="Random.cu">
      <Filter>Utilities</Filter>
    </CudaCompile>
    <CudaCompile Include="Convolutional.cu" />
    <CudaCompile Include="FullyConnected.cu" />
  </ItemGroup>
  <ItemGroup>
    <Filter Include="Header Files">
      <UniqueIdentifier>{4cf85720-56c3-42ad-bf10-258e782e36a2}</UniqueIdentifier>
    </Filter>
    <Filter Include="Layer">
      <UniqueIdentifier>{1d8028cf-b9ff-48ae-9b2e-126ab6909f84}</UniqueIdentifier>
    </Filter>
    <Filter Include="Utilities">
      <UniqueIdentifier>{dde51afd-c2d6-4a4c-b824-49753eee501e}</UniqueIdentifier>
    </Filter>
    <Filter Include="Header Files\Utilities">
      <UniqueIdentifier>{36e091ba-d890-43fc-8ebc-a909c8c3b453}</UniqueIdentifier>
    </Filter>
  </ItemGroup>
  <ItemGroup>
    <ClInclude Include="Layer.h">
      <Filter>Header Files</Filter>
    </ClInclude>
    <ClInclude Include="RNG.h">
      <Filter>Header Files</Filter>
    </ClInclude>
    <ClInclude Include="Exception.h">
      <Filter>Header Files</Filter>
    </ClInclude>
    <ClInclude Include="Matrix.h">
      <Filter>Header Files</Filter>
    </ClInclude>
    <ClInclude Include="Random.h">
      <Filter>Header Files\Utilities</Filter>
    </ClInclude>
    <ClInclude Include="ImageHandler.h">
      <Filter>Header Files\Utilities</Filter>
    </ClInclude>
  </ItemGroup>
</Project>